{
  "name": "test-dataform-project",
  "lockfileVersion": 3,
  "requires": true,
  "packages": {
    "": {
      "name": "test-dataform-project",
      "dependencies": {
        "@dataform/core": "3.0.30",
        "@masthead-data/dataform-package": "file:../"
      }
    },
    "..": {
      "name": "@masthead-data/dataform-package",
      "version": "0.0.1",
      "license": "AGPL-3.0-only",
      "devDependencies": {
        "eslint": "8.0.0",
        "jest": "29.0.0"
      },
      "engines": {
        "node": ">=14.0.0"
      }
    },
    "node_modules/@dataform/core": {
      "version": "3.0.30",
      "resolved": "https://registry.npmjs.org/@dataform/core/-/core-3.0.30.tgz",
      "integrity": "sha512-N8Wkyju1YisoUuET6UYPTdTBzIvugm7+r8WjWISCllCwiQj6dNIU3kDlA7AmuiC0rpxpbbX22HiIeEFIOSKAAg==",
      "license": "Apache-2.0"
    },
    "node_modules/@masthead-data/dataform-package": {
      "resolved": "..",
      "link": true
    }
  }
}
